
Microsoft Visual Studio Solution File, Format Version 12.00
# Visual Studio Version 18
VisualStudioVersion = 18.0.11010.61
MinimumVisualStudioVersion = 10.0.40219.1
Project("{FAE04EC0-301F-11D3-BF4B-00C04F79EFBC}") = "_Dependencies", "_Dependencies\_Dependencies.csproj", "{6A505E98-EAE9-44A1-9B62-D30617367DC0}"
EndProject
Project("{D954291E-2A0B-460D-934E-DC6B0785DB48}") = "Plumbing.NativeWin", "Plumbing.Native\Plumbing.NativeWin.shproj", "{E73B7265-265D-4C72-9056-A50B5BA13FD1}"
EndProject
Project("{FAE04EC0-301F-11D3-BF4B-00C04F79EFBC}") = "Plumbing.Tests", "Plumbing.Tests\Plumbing.Tests.csproj", "{79784982-59C1-46A4-9BB2-BFD83FA8FE6E}"
EndProject
Project("{D954291E-2A0B-460D-934E-DC6B0785DB48}") = "Plumbing.Shared", "Plumbing.Shared\Plumbing.Shared.shproj", "{A94681E7-2D80-4C40-9D6C-0DB22E5823EB}"
EndProject
Project("{2150E333-8FDC-42A3-9474-1A3956D46DE8}") = "Misc", "Misc", "{A556861D-E3CC-4FD0-8D43-0C2514B7EE8E}"
	ProjectSection(SolutionItems) = preProject
		..\NuGet.Config = ..\NuGet.Config
	EndProjectSection
EndProject
Project("{D954291E-2A0B-460D-934E-DC6B0785DB48}") = "Plumbing.Testing", "Plumbing.Testing\Plumbing.Testing.shproj", "{70D3DACF-379C-4105-9DF4-995023B8602E}"
EndProject
Project("{9A19103F-16F7-4668-BE54-9A1E7A4F7556}") = "TestData", "TestData\TestData.csproj", "{E22D0EDB-0D91-4E99-BA59-913C0D57A50A}"
EndProject
Project("{2150E333-8FDC-42A3-9474-1A3956D46DE8}") = "Solution Items", "Solution Items", "{B722207E-3EA5-48EB-91C0-E495D09F2032}"
	ProjectSection(SolutionItems) = preProject
		.editorconfig = .editorconfig
		..\Build\plisky-plumbing-ci.yml = ..\Build\plisky-plumbing-ci.yml
		..\Build\plisky-plumbing-release.yml = ..\Build\plisky-plumbing-release.yml
		..\Build\plisky-testing-ci.yml = ..\Build\plisky-testing-ci.yml
		..\Build\plisky-testing-release.yml = ..\Build\plisky-testing-release.yml
	EndProjectSection
EndProject
Project("{9A19103F-16F7-4668-BE54-9A1E7A4F7556}") = "Plisky.Plumbing", "Plisky.Plumbing\Plisky.Plumbing.csproj", "{EF45F241-140C-4002-A5F9-551E88F06445}"
EndProject
Project("{FAE04EC0-301F-11D3-BF4B-00C04F79EFBC}") = "Plisky.Testing", "Plisky.Testing\Plisky.Testing.csproj", "{79F091EF-F864-478F-9E94-EFECCAD3F5AD}"
EndProject
Project("{FAE04EC0-301F-11D3-BF4B-00C04F79EFBC}") = "Plumbing.ITest", "Plumbing.ITest\Plumbing.ITest.csproj", "{E6E1640A-0ACD-4505-B888-BD92F209EEE2}"
EndProject
Global
	GlobalSection(SolutionConfigurationPlatforms) = preSolution
		Debug|Any CPU = Debug|Any CPU
		Develop|Any CPU = Develop|Any CPU
		Release|Any CPU = Release|Any CPU
	EndGlobalSection
	GlobalSection(ProjectConfigurationPlatforms) = postSolution
		{6A505E98-EAE9-44A1-9B62-D30617367DC0}.Debug|Any CPU.ActiveCfg = Debug|Any CPU
		{6A505E98-EAE9-44A1-9B62-D30617367DC0}.Develop|Any CPU.ActiveCfg = Develop|Any CPU
		{6A505E98-EAE9-44A1-9B62-D30617367DC0}.Release|Any CPU.ActiveCfg = Release|Any CPU
		{79784982-59C1-46A4-9BB2-BFD83FA8FE6E}.Debug|Any CPU.ActiveCfg = Debug|Any CPU
		{79784982-59C1-46A4-9BB2-BFD83FA8FE6E}.Debug|Any CPU.Build.0 = Debug|Any CPU
		{79784982-59C1-46A4-9BB2-BFD83FA8FE6E}.Develop|Any CPU.ActiveCfg = Develop|Any CPU
		{79784982-59C1-46A4-9BB2-BFD83FA8FE6E}.Develop|Any CPU.Build.0 = Develop|Any CPU
		{79784982-59C1-46A4-9BB2-BFD83FA8FE6E}.Release|Any CPU.ActiveCfg = Release|Any CPU
		{79784982-59C1-46A4-9BB2-BFD83FA8FE6E}.Release|Any CPU.Build.0 = Release|Any CPU
		{E22D0EDB-0D91-4E99-BA59-913C0D57A50A}.Debug|Any CPU.ActiveCfg = Debug|Any CPU
		{E22D0EDB-0D91-4E99-BA59-913C0D57A50A}.Debug|Any CPU.Build.0 = Debug|Any CPU
		{E22D0EDB-0D91-4E99-BA59-913C0D57A50A}.Develop|Any CPU.ActiveCfg = Debug|Any CPU
		{E22D0EDB-0D91-4E99-BA59-913C0D57A50A}.Develop|Any CPU.Build.0 = Debug|Any CPU
		{E22D0EDB-0D91-4E99-BA59-913C0D57A50A}.Release|Any CPU.ActiveCfg = Release|Any CPU
		{E22D0EDB-0D91-4E99-BA59-913C0D57A50A}.Release|Any CPU.Build.0 = Release|Any CPU
		{EF45F241-140C-4002-A5F9-551E88F06445}.Debug|Any CPU.ActiveCfg = Debug|Any CPU
		{EF45F241-140C-4002-A5F9-551E88F06445}.Debug|Any CPU.Build.0 = Debug|Any CPU
		{EF45F241-140C-4002-A5F9-551E88F06445}.Develop|Any CPU.ActiveCfg = Debug|Any CPU
		{EF45F241-140C-4002-A5F9-551E88F06445}.Develop|Any CPU.Build.0 = Debug|Any CPU
		{EF45F241-140C-4002-A5F9-551E88F06445}.Release|Any CPU.ActiveCfg = Release|Any CPU
		{EF45F241-140C-4002-A5F9-551E88F06445}.Release|Any CPU.Build.0 = Release|Any CPU
		{79F091EF-F864-478F-9E94-EFECCAD3F5AD}.Debug|Any CPU.ActiveCfg = Debug|Any CPU
		{79F091EF-F864-478F-9E94-EFECCAD3F5AD}.Debug|Any CPU.Build.0 = Debug|Any CPU
		{79F091EF-F864-478F-9E94-EFECCAD3F5AD}.Develop|Any CPU.ActiveCfg = Release|Any CPU
		{79F091EF-F864-478F-9E94-EFECCAD3F5AD}.Develop|Any CPU.Build.0 = Release|Any CPU
		{79F091EF-F864-478F-9E94-EFECCAD3F5AD}.Release|Any CPU.ActiveCfg = Release|Any CPU
		{79F091EF-F864-478F-9E94-EFECCAD3F5AD}.Release|Any CPU.Build.0 = Release|Any CPU
		{E6E1640A-0ACD-4505-B888-BD92F209EEE2}.Debug|Any CPU.ActiveCfg = Debug|Any CPU
		{E6E1640A-0ACD-4505-B888-BD92F209EEE2}.Debug|Any CPU.Build.0 = Debug|Any CPU
		{E6E1640A-0ACD-4505-B888-BD92F209EEE2}.Develop|Any CPU.ActiveCfg = Release|Any CPU
		{E6E1640A-0ACD-4505-B888-BD92F209EEE2}.Develop|Any CPU.Build.0 = Release|Any CPU
		{E6E1640A-0ACD-4505-B888-BD92F209EEE2}.Release|Any CPU.ActiveCfg = Release|Any CPU
		{E6E1640A-0ACD-4505-B888-BD92F209EEE2}.Release|Any CPU.Build.0 = Release|Any CPU
	EndGlobalSection
	GlobalSection(SolutionProperties) = preSolution
		HideSolutionNode = FALSE
	EndGlobalSection
	GlobalSection(ExtensibilityGlobals) = postSolution
		SolutionGuid = {9FDF37E7-BBEF-4A79-8975-0DDA5195F4BC}
	EndGlobalSection
	GlobalSection(SharedMSBuildProjectFiles) = preSolution
		Plumbing.Testing\Plumbing.Testing.projitems*{70d3dacf-379c-4105-9df4-995023b8602e}*SharedItemsImports = 13
		Plumbing.Testing\Plumbing.Testing.projitems*{79f091ef-f864-478f-9e94-efeccad3f5ad}*SharedItemsImports = 5
		Plumbing.Shared\Plumbing.Shared.projitems*{a94681e7-2d80-4c40-9d6c-0db22e5823eb}*SharedItemsImports = 13
		Plumbing.Shared\Plumbing.Shared.projitems*{ef45f241-140c-4002-a5f9-551e88f06445}*SharedItemsImports = 5
	EndGlobalSection
EndGlobal
